
Microsoft Visual Studio Solution File, Format Version 12.00
# Visual Studio Version 16
VisualStudioVersion = 16.0.29806.167
MinimumVisualStudioVersion = 10.0.40219.1
Project("{8BC9CEB8-8B4A-11D0-8D11-00A0C91BC942}") = "StandaloneModule", "StandaloneModule.vcxproj", "{691392AC-AECF-4197-8F7F-37B7AEB41D4B}"
EndProject
Project("{2150E333-8FDC-42A3-9474-1A3956D46DE8}") = "SampleClients", "SampleClients", "{673DC56A-1C62-43CC-BE76-75DDEA0C3F40}"
EndProject
Project("{8BC9CEB8-8B4A-11D0-8D11-00A0C91BC942}") = "CPP_Client", "SampleClients\CPP_Client\CPP_Client.vcxproj", "{898EA502-CC87-4250-8A37-708E6C5CE075}"
EndProject
Project("{FAE04EC0-301F-11D3-BF4B-00C04F79EFBC}") = "CS_Client", "SampleClients\CS_Client\CS_Client.csproj", "{C4B6A34F-0881-4091-BAEC-09610072E8B5}"
EndProject
Project("{F184B08F-C81C-45F6-A57F-5ABD9991F28F}") = "VB_Client", "SampleClients\VB_Client\VB_Client.vbproj", "{5E40CA77-38C4-45E0-9D54-4382C9D94F34}"
EndProject
Global
	GlobalSection(SolutionConfigurationPlatforms) = preSolution
		Debug|Any CPU = Debug|Any CPU
		Debug|MSFS = Debug|MSFS
		Debug|x64 = Debug|x64
		Debug|x86 = Debug|x86
		Release|Any CPU = Release|Any CPU
		Release|MSFS = Release|MSFS
		Release|x64 = Release|x64
		Release|x86 = Release|x86
	EndGlobalSection
	GlobalSection(ProjectConfigurationPlatforms) = postSolution
		{691392AC-AECF-4197-8F7F-37B7AEB41D4B}.Debug|Any CPU.ActiveCfg = Debug|MSFS
		{691392AC-AECF-4197-8F7F-37B7AEB41D4B}.Debug|MSFS.ActiveCfg = Debug|MSFS
		{691392AC-AECF-4197-8F7F-37B7AEB41D4B}.Debug|x64.ActiveCfg = Debug|MSFS
		{691392AC-AECF-4197-8F7F-37B7AEB41D4B}.Debug|x64.Build.0 = Debug|MSFS
		{691392AC-AECF-4197-8F7F-37B7AEB41D4B}.Debug|x86.ActiveCfg = Debug|MSFS
		{691392AC-AECF-4197-8F7F-37B7AEB41D4B}.Release|Any CPU.ActiveCfg = Release|MSFS
		{691392AC-AECF-4197-8F7F-37B7AEB41D4B}.Release|MSFS.ActiveCfg = Release|MSFS
		{691392AC-AECF-4197-8F7F-37B7AEB41D4B}.Release|x64.ActiveCfg = Release|MSFS
		{691392AC-AECF-4197-8F7F-37B7AEB41D4B}.Release|x86.ActiveCfg = Release|MSFS
		{898EA502-CC87-4250-8A37-708E6C5CE075}.Debug|Any CPU.ActiveCfg = Debug|Win32
		{898EA502-CC87-4250-8A37-708E6C5CE075}.Debug|MSFS.ActiveCfg = Debug|x64
		{898EA502-CC87-4250-8A37-708E6C5CE075}.Debug|MSFS.Build.0 = Debug|x64
		{898EA502-CC87-4250-8A37-708E6C5CE075}.Debug|x64.ActiveCfg = Debug|x64
		{898EA502-CC87-4250-8A37-708E6C5CE075}.Debug|x64.Build.0 = Debug|x64
		{898EA502-CC87-4250-8A37-708E6C5CE075}.Debug|x86.ActiveCfg = Debug|Win32
		{898EA502-CC87-4250-8A37-708E6C5CE075}.Debug|x86.Build.0 = Debug|Win32
		{898EA502-CC87-4250-8A37-708E6C5CE075}.Release|Any CPU.ActiveCfg = Release|Win32
		{898EA502-CC87-4250-8A37-708E6C5CE075}.Release|MSFS.ActiveCfg = Release|x64
		{898EA502-CC87-4250-8A37-708E6C5CE075}.Release|MSFS.Build.0 = Release|x64
		{898EA502-CC87-4250-8A37-708E6C5CE075}.Release|x64.ActiveCfg = Release|x64
		{898EA502-CC87-4250-8A37-708E6C5CE075}.Release|x64.Build.0 = Release|x64
		{898EA502-CC87-4250-8A37-708E6C5CE075}.Release|x86.ActiveCfg = Release|Win32
		{898EA502-CC87-4250-8A37-708E6C5CE075}.Release|x86.Build.0 = Release|Win32
		{C4B6A34F-0881-4091-BAEC-09610072E8B5}.Debug|Any CPU.ActiveCfg = Debug|Any CPU
		{C4B6A34F-0881-4091-BAEC-09610072E8B5}.Debug|Any CPU.Build.0 = Debug|Any CPU
		{C4B6A34F-0881-4091-BAEC-09610072E8B5}.Debug|MSFS.ActiveCfg = Debug|x64
		{C4B6A34F-0881-4091-BAEC-09610072E8B5}.Debug|MSFS.Build.0 = Debug|x64
		{C4B6A34F-0881-4091-BAEC-09610072E8B5}.Debug|x64.ActiveCfg = Debug|x64
		{C4B6A34F-0881-4091-BAEC-09610072E8B5}.Debug|x64.Build.0 = Debug|x64
		{C4B6A34F-0881-4091-BAEC-09610072E8B5}.Debug|x86.ActiveCfg = Debug|Any CPU
		{C4B6A34F-0881-4091-BAEC-09610072E8B5}.Debug|x86.Build.0 = Debug|Any CPU
		{C4B6A34F-0881-4091-BAEC-09610072E8B5}.Release|Any CPU.ActiveCfg = Release|Any CPU
		{C4B6A34F-0881-4091-BAEC-09610072E8B5}.Release|Any CPU.Build.0 = Release|Any CPU
		{C4B6A34F-0881-4091-BAEC-09610072E8B5}.Release|MSFS.ActiveCfg = Release|x64
		{C4B6A34F-0881-4091-BAEC-09610072E8B5}.Release|MSFS.Build.0 = Release|x64
		{C4B6A34F-0881-4091-BAEC-09610072E8B5}.Release|x64.ActiveCfg = Release|x64
		{C4B6A34F-0881-4091-BAEC-09610072E8B5}.Release|x64.Build.0 = Release|x64
		{C4B6A34F-0881-4091-BAEC-09610072E8B5}.Release|x86.ActiveCfg = Release|Any CPU
		{C4B6A34F-0881-4091-BAEC-09610072E8B5}.Release|x86.Build.0 = Release|Any CPU
		{5E40CA77-38C4-45E0-9D54-4382C9D94F34}.Debug|Any CPU.ActiveCfg = Debug|Any CPU
		{5E40CA77-38C4-45E0-9D54-4382C9D94F34}.Debug|Any CPU.Build.0 = Debug|Any CPU
		{5E40CA77-38C4-45E0-9D54-4382C9D94F34}.Debug|MSFS.ActiveCfg = Debug|x64
		{5E40CA77-38C4-45E0-9D54-4382C9D94F34}.Debug|MSFS.Build.0 = Debug|x64
		{5E40CA77-38C4-45E0-9D54-4382C9D94F34}.Debug|x64.ActiveCfg = Debug|x64
		{5E40CA77-38C4-45E0-9D54-4382C9D94F34}.Debug|x64.Build.0 = Debug|x64
		{5E40CA77-38C4-45E0-9D54-4382C9D94F34}.Debug|x86.ActiveCfg = Debug|Any CPU
		{5E40CA77-38C4-45E0-9D54-4382C9D94F34}.Debug|x86.Build.0 = Debug|Any CPU
		{5E40CA77-38C4-45E0-9D54-4382C9D94F34}.Release|Any CPU.ActiveCfg = Release|Any CPU
		{5E40CA77-38C4-45E0-9D54-4382C9D94F34}.Release|Any CPU.Build.0 = Release|Any CPU
		{5E40CA77-38C4-45E0-9D54-4382C9D94F34}.Release|MSFS.ActiveCfg = Release|x64
		{5E40CA77-38C4-45E0-9D54-4382C9D94F34}.Release|MSFS.Build.0 = Release|x64
		{5E40CA77-38C4-45E0-9D54-4382C9D94F34}.Release|x64.ActiveCfg = Release|x64
		{5E40CA77-38C4-45E0-9D54-4382C9D94F34}.Release|x64.Build.0 = Release|x64
		{5E40CA77-38C4-45E0-9D54-4382C9D94F34}.Release|x86.ActiveCfg = Release|Any CPU
		{5E40CA77-38C4-45E0-9D54-4382C9D94F34}.Release|x86.Build.0 = Release|Any CPU
	EndGlobalSection
	GlobalSection(SolutionProperties) = preSolution
		HideSolutionNode = FALSE
	EndGlobalSection
	GlobalSection(NestedProjects) = preSolution
		{898EA502-CC87-4250-8A37-708E6C5CE075} = {673DC56A-1C62-43CC-BE76-75DDEA0C3F40}
		{C4B6A34F-0881-4091-BAEC-09610072E8B5} = {673DC56A-1C62-43CC-BE76-75DDEA0C3F40}
		{5E40CA77-38C4-45E0-9D54-4382C9D94F34} = {673DC56A-1C62-43CC-BE76-75DDEA0C3F40}
	EndGlobalSection
	GlobalSection(ExtensibilityGlobals) = postSolution
		SolutionGuid = {C85F0220-E6FA-45B8-AA53-16165653C28C}
	EndGlobalSection
EndGlobal
